github.com/InSitu-Software/go_S-MIME v0.0.0-20181221134359-3f58f9a4b2b6 h1:TkEaE2dfSBN9onWsQ1pC9EVMmVDJqkYWNUwS6+EYxlM=
github.com/InSitu-Software/go_S-MIME v0.0.0-20181221134359-3f58f9a4b2b6/go.mod h1:yhh4MGRGdTpTET5RhSJx4XNCEkJljP3k8MxTTB3joQA=
golang.org/x/crypto v0.13.0 h1:mvySKfSWJ+UKUii46M40LOvyWfN0s2U+46/jDd0e6Ck=
golang.org/x/crypto v0.13.0/go.mod h1:y6Z2r+Rw4iayiXXAIxJIDAJ1zMW4yaTpebo8fPOliYc=
golang.org/x/sys v0.12.0 h1:CM0HF96J0hcLAwsHPJZjfdNzs0gftsLfgKt57wWHJ0o=
golang.org/x/sys v0.12.0/go.mod h1:oPkhp1MJrh7nUepCBck5+mAzfO9JrbApNNgaTdGDITg=
